
Microsoft Visual Studio Solution File, Format Version 12.00
# Visual Studio Version 16
VisualStudioVersion = 16.0.30011.22
MinimumVisualStudioVersion = 10.0.40219.1
Project("{FAE04EC0-301F-11D3-BF4B-00C04F79EFBC}") = "secondTest", "secondTest\secondTest.csproj", "{4FABC2D8-0E1F-4B75-9535-F7CADA615F92}"
EndProject
Global
	GlobalSection(SolutionConfigurationPlatforms) = preSolution
		Debug|Any CPU = Debug|Any CPU
		Release|Any CPU = Release|Any CPU
	EndGlobalSection
	GlobalSection(ProjectConfigurationPlatforms) = postSolution
		{4FABC2D8-0E1F-4B75-9535-F7CADA615F92}.Debug|Any CPU.ActiveCfg = Debug|Any CPU
		{4FABC2D8-0E1F-4B75-9535-F7CADA615F92}.Debug|Any CPU.Build.0 = Debug|Any CPU
		{4FABC2D8-0E1F-4B75-9535-F7CADA615F92}.Release|Any CPU.ActiveCfg = Release|Any CPU
		{4FABC2D8-0E1F-4B75-9535-F7CADA615F92}.Release|Any CPU.Build.0 = Release|Any CPU
	EndGlobalSection
	GlobalSection(SolutionProperties) = preSolution
		HideSolutionNode = FALSE
	EndGlobalSection
	GlobalSection(ExtensibilityGlobals) = postSolution
		SolutionGuid = {020ED16C-123F-4D7A-B6C8-D13278D2EE92}
	EndGlobalSection
EndGlobal
